
Microsoft Visual Studio Solution File, Format Version 12.00
# Visual Studio 2017
Project("{FAE04EC0-301F-11D3-BF4B-00C04F79EFBC}") = "MarioIslander.Plugins", "MarioIslander.Plugins.csproj", "{5D6C3952-6A3D-61E9-B3B5-2891A2AB1D62}"
EndProject
Project("{FAE04EC0-301F-11D3-BF4B-00C04F79EFBC}") = "MarioIslander", "MarioIslander.csproj", "{AD7B0BC8-3664-1A31-24F6-DE7C02324BE6}"
EndProject
Project("{FAE04EC0-301F-11D3-BF4B-00C04F79EFBC}") = "MarioIslander.Editor", "MarioIslander.Editor.csproj", "{C934053D-1C40-2AFE-C825-B6EFF32ECE75}"
EndProject
Global
	GlobalSection(SolutionConfigurationPlatforms) = preSolution
		Debug|Any CPU = Debug|Any CPU
		Release|Any CPU = Release|Any CPU
	EndGlobalSection
	GlobalSection(ProjectConfigurationPlatforms) = postSolution
		{5D6C3952-6A3D-61E9-B3B5-2891A2AB1D62}.Debug|Any CPU.ActiveCfg = Debug|Any CPU
		{5D6C3952-6A3D-61E9-B3B5-2891A2AB1D62}.Debug|Any CPU.Build.0 = Debug|Any CPU
		{5D6C3952-6A3D-61E9-B3B5-2891A2AB1D62}.Release|Any CPU.ActiveCfg = Release|Any CPU
		{5D6C3952-6A3D-61E9-B3B5-2891A2AB1D62}.Release|Any CPU.Build.0 = Release|Any CPU
		{AD7B0BC8-3664-1A31-24F6-DE7C02324BE6}.Debug|Any CPU.ActiveCfg = Debug|Any CPU
		{AD7B0BC8-3664-1A31-24F6-DE7C02324BE6}.Debug|Any CPU.Build.0 = Debug|Any CPU
		{AD7B0BC8-3664-1A31-24F6-DE7C02324BE6}.Release|Any CPU.ActiveCfg = Release|Any CPU
		{AD7B0BC8-3664-1A31-24F6-DE7C02324BE6}.Release|Any CPU.Build.0 = Release|Any CPU
		{C934053D-1C40-2AFE-C825-B6EFF32ECE75}.Debug|Any CPU.ActiveCfg = Debug|Any CPU
		{C934053D-1C40-2AFE-C825-B6EFF32ECE75}.Debug|Any CPU.Build.0 = Debug|Any CPU
		{C934053D-1C40-2AFE-C825-B6EFF32ECE75}.Release|Any CPU.ActiveCfg = Release|Any CPU
		{C934053D-1C40-2AFE-C825-B6EFF32ECE75}.Release|Any CPU.Build.0 = Release|Any CPU
	EndGlobalSection
	GlobalSection(SolutionProperties) = preSolution
		HideSolutionNode = FALSE
	EndGlobalSection
EndGlobal
